
Microsoft Visual Studio Solution File, Format Version 12.00
# Visual Studio 15
VisualStudioVersion = 15.0.27703.2035
MinimumVisualStudioVersion = 10.0.40219.1
Project("{9A19103F-16F7-4668-BE54-9A1E7A4F7556}") = "layUiAdmin", "layUiAdmin\layUiAdmin.csproj", "{B5BEB5C0-16EB-43ED-AA38-AA610C5FC365}"
EndProject
Project("{9A19103F-16F7-4668-BE54-9A1E7A4F7556}") = "layUiAdmin.SQL", "layUiAdmin.SQL\layUiAdmin.SQL.csproj", "{3EFB54F9-CE9D-4EB6-B101-0C3C13217F6F}"
EndProject
Project("{9A19103F-16F7-4668-BE54-9A1E7A4F7556}") = "DataLooper", "DataLooper\DataLooper.csproj", "{7D75BFF1-49D8-4B88-8AE4-55A9DBFF44AB}"
EndProject
Project("{FAE04EC0-301F-11D3-BF4B-00C04F79EFBC}") = "layuiWatcherByNetCore", "layuiWatcherByNetCore\layuiWatcherByNetCore.csproj", "{30F57793-2128-4AF5-9AC4-6C411C0403F8}"
EndProject
Project("{FAE04EC0-301F-11D3-BF4B-00C04F79EFBC}") = "layuiWatcherByFramework", "layuiWatcherByFramework\layuiWatcherByFramework.csproj", "{3C77D8DD-0B25-4E19-8D2E-32D62D9C270C}"
EndProject
Global
	GlobalSection(SolutionConfigurationPlatforms) = preSolution
		Debug|Any CPU = Debug|Any CPU
		Release|Any CPU = Release|Any CPU
	EndGlobalSection
	GlobalSection(ProjectConfigurationPlatforms) = postSolution
		{B5BEB5C0-16EB-43ED-AA38-AA610C5FC365}.Debug|Any CPU.ActiveCfg = Debug|Any CPU
		{B5BEB5C0-16EB-43ED-AA38-AA610C5FC365}.Debug|Any CPU.Build.0 = Debug|Any CPU
		{B5BEB5C0-16EB-43ED-AA38-AA610C5FC365}.Release|Any CPU.ActiveCfg = Release|Any CPU
		{B5BEB5C0-16EB-43ED-AA38-AA610C5FC365}.Release|Any CPU.Build.0 = Release|Any CPU
		{3EFB54F9-CE9D-4EB6-B101-0C3C13217F6F}.Debug|Any CPU.ActiveCfg = Debug|Any CPU
		{3EFB54F9-CE9D-4EB6-B101-0C3C13217F6F}.Debug|Any CPU.Build.0 = Debug|Any CPU
		{3EFB54F9-CE9D-4EB6-B101-0C3C13217F6F}.Release|Any CPU.ActiveCfg = Release|Any CPU
		{3EFB54F9-CE9D-4EB6-B101-0C3C13217F6F}.Release|Any CPU.Build.0 = Release|Any CPU
		{7D75BFF1-49D8-4B88-8AE4-55A9DBFF44AB}.Debug|Any CPU.ActiveCfg = Debug|Any CPU
		{7D75BFF1-49D8-4B88-8AE4-55A9DBFF44AB}.Debug|Any CPU.Build.0 = Debug|Any CPU
		{7D75BFF1-49D8-4B88-8AE4-55A9DBFF44AB}.Release|Any CPU.ActiveCfg = Release|Any CPU
		{7D75BFF1-49D8-4B88-8AE4-55A9DBFF44AB}.Release|Any CPU.Build.0 = Release|Any CPU
		{30F57793-2128-4AF5-9AC4-6C411C0403F8}.Debug|Any CPU.ActiveCfg = Debug|Any CPU
		{30F57793-2128-4AF5-9AC4-6C411C0403F8}.Debug|Any CPU.Build.0 = Debug|Any CPU
		{30F57793-2128-4AF5-9AC4-6C411C0403F8}.Release|Any CPU.ActiveCfg = Release|Any CPU
		{30F57793-2128-4AF5-9AC4-6C411C0403F8}.Release|Any CPU.Build.0 = Release|Any CPU
		{3C77D8DD-0B25-4E19-8D2E-32D62D9C270C}.Debug|Any CPU.ActiveCfg = Debug|Any CPU
		{3C77D8DD-0B25-4E19-8D2E-32D62D9C270C}.Debug|Any CPU.Build.0 = Debug|Any CPU
		{3C77D8DD-0B25-4E19-8D2E-32D62D9C270C}.Release|Any CPU.ActiveCfg = Release|Any CPU
		{3C77D8DD-0B25-4E19-8D2E-32D62D9C270C}.Release|Any CPU.Build.0 = Release|Any CPU
	EndGlobalSection
	GlobalSection(SolutionProperties) = preSolution
		HideSolutionNode = FALSE
	EndGlobalSection
	GlobalSection(ExtensibilityGlobals) = postSolution
		SolutionGuid = {D6A03598-98B7-4B7D-ADBD-9413989FB8EF}
	EndGlobalSection
EndGlobal
